<?xml version="1.0" encoding="utf-8"?>
<Project ToolsVersion="4.0" xmlns="http://schemas.microsoft.com/developer/msbuild/2003">
  <ItemGroup>
    <Filter Include="源文件">
      <UniqueIdentifier>{4FC737F1-C7A5-4376-A066-2A32D752A2FF}</UniqueIdentifier>
      <Extensions>cpp;c;cc;cxx;def;odl;idl;hpj;bat;asm;asmx</Extensions>
    </Filter>
    <Filter Include="头文件">
      <UniqueIdentifier>{93995380-89BD-4b04-88EB-625FBE52EBFB}</UniqueIdentifier>
      <Extensions>h;hh;hpp;hxx;hm;inl;inc;ipp;xsd</Extensions>
    </Filter>
    <Filter Include="资源文件">
      <UniqueIdentifier>{67DA6AB6-F800-4c08-8B7A-83BB121AAD01}</UniqueIdentifier>
      <Extensions>rc;ico;cur;bmp;dlg;rc2;rct;bin;rgs;gif;jpg;jpeg;jpe;resx;tiff;tif;png;wav;mfcribbon-ms</Extensions>
    </Filter>
  </ItemGroup>
  <ItemGroup>
    <ClCompile Include="例题2.1.cpp">
      <Filter>源文件</Filter>
    </ClCompile>
    <ClCompile Include="例题2.2.cpp">
      <Filter>源文件</Filter>
    </ClCompile>
    <ClCompile Include="例题2.3.cpp">
      <Filter>源文件</Filter>
    </ClCompile>
    <ClCompile Include="习题2.1.cpp">
      <Filter>源文件</Filter>
    </ClCompile>
    <ClCompile Include="习题2.2.cpp">
      <Filter>源文件</Filter>
    </ClCompile>
    <ClCompile Include="习题2.3.cpp">
      <Filter>源文件</Filter>
    </ClCompile>
    <ClCompile Include="例题2.4.cpp">
      <Filter>源文件</Filter>
    </ClCompile>
    <ClCompile Include="例题2.5.cpp">
      <Filter>源文件</Filter>
    </ClCompile>
    <ClCompile Include="习题2.4.cpp">
      <Filter>源文件</Filter>
    </ClCompile>
    <ClCompile Include="习题2.5.cpp">
      <Filter>源文件</Filter>
    </ClCompile>
    <ClCompile Include="例题2.6.cpp">
      <Filter>源文件</Filter>
    </ClCompile>
    <ClCompile Include="例题2.7.cpp">
      <Filter>源文件</Filter>
    </ClCompile>
    <ClCompile Include="例题2.8.cpp">
      <Filter>源文件</Filter>
    </ClCompile>
    <ClCompile Include="习题2.6.cpp">
      <Filter>源文件</Filter>
    </ClCompile>
    <ClCompile Include="习题2.7.cpp">
      <Filter>源文件</Filter>
    </ClCompile>
    <ClCompile Include="习题2.8.cpp">
      <Filter>源文件</Filter>
    </ClCompile>
    <ClCompile Include="例题2.9.cpp">
      <Filter>源文件</Filter>
    </ClCompile>
    <ClCompile Include="例题2.10.cpp">
      <Filter>源文件</Filter>
    </ClCompile>
    <ClCompile Include="例题2.11.cpp">
      <Filter>源文件</Filter>
    </ClCompile>
    <ClCompile Include="习题2.9.cpp">
      <Filter>源文件</Filter>
    </ClCompile>
    <ClCompile Include="习题2.10.cpp">
      <Filter>源文件</Filter>
    </ClCompile>
    <ClCompile Include="习题2.11.cpp">
      <Filter>源文件</Filter>
    </ClCompile>
    <ClCompile Include="排序算法.cpp">
      <Filter>源文件</Filter>
    </ClCompile>
    <ClCompile Include="例题3.1.cpp">
      <Filter>源文件</Filter>
    </ClCompile>
    <ClCompile Include="例题3.2.cpp">
      <Filter>源文件</Filter>
    </ClCompile>
    <ClCompile Include="例题3.3.cpp">
      <Filter>源文件</Filter>
    </ClCompile>
    <ClCompile Include="习题3.1.cpp">
      <Filter>源文件</Filter>
    </ClCompile>
    <ClCompile Include="习题3.2.cpp">
      <Filter>源文件</Filter>
    </ClCompile>
    <ClCompile Include="习题3.3.cpp">
      <Filter>源文件</Filter>
    </ClCompile>
    <ClCompile Include="习题3.4.cpp">
      <Filter>源文件</Filter>
    </ClCompile>
    <ClCompile Include="例题3.4.cpp">
      <Filter>源文件</Filter>
    </ClCompile>
    <ClCompile Include="例题3.5.cpp">
      <Filter>源文件</Filter>
    </ClCompile>
    <ClCompile Include="习题3.5.cpp">
      <Filter>源文件</Filter>
    </ClCompile>
    <ClCompile Include="习题3.6.cpp">
      <Filter>源文件</Filter>
    </ClCompile>
    <ClCompile Include="习题3.7.cpp">
      <Filter>源文件</Filter>
    </ClCompile>
    <ClCompile Include="KMP算法.cpp">
      <Filter>源文件</Filter>
    </ClCompile>
    <ClCompile Include="例题4.1.cpp">
      <Filter>源文件</Filter>
    </ClCompile>
    <ClCompile Include="例题4.2.cpp">
      <Filter>源文件</Filter>
    </ClCompile>
    <ClCompile Include="例题4.3.cpp">
      <Filter>源文件</Filter>
    </ClCompile>
    <ClCompile Include="例题4.4.cpp">
      <Filter>源文件</Filter>
    </ClCompile>
    <ClCompile Include="例题4.5.cpp">
      <Filter>源文件</Filter>
    </ClCompile>
    <ClCompile Include="习题4.1.cpp">
      <Filter>源文件</Filter>
    </ClCompile>
    <ClCompile Include="习题4.2.cpp">
      <Filter>源文件</Filter>
    </ClCompile>
    <ClCompile Include="习题4.3.cpp">
      <Filter>源文件</Filter>
    </ClCompile>
    <ClCompile Include="习题4.4.cpp">
      <Filter>源文件</Filter>
    </ClCompile>
    <ClCompile Include="习题4.5.cpp">
      <Filter>源文件</Filter>
    </ClCompile>
    <ClCompile Include="例题4.6.cpp">
      <Filter>源文件</Filter>
    </ClCompile>
    <ClCompile Include="例题4.7.cpp">
      <Filter>源文件</Filter>
    </ClCompile>
    <ClCompile Include="习题4.6.cpp">
      <Filter>源文件</Filter>
    </ClCompile>
    <ClCompile Include="习题4.7.cpp">
      <Filter>源文件</Filter>
    </ClCompile>
    <ClCompile Include="例题5.1.cpp">
      <Filter>源文件</Filter>
    </ClCompile>
    <ClCompile Include="例题5.2.cpp">
      <Filter>源文件</Filter>
    </ClCompile>
    <ClCompile Include="例题5.3.cpp">
      <Filter>源文件</Filter>
    </ClCompile>
    <ClCompile Include="例题5.4.cpp">
      <Filter>源文件</Filter>
    </ClCompile>
    <ClCompile Include="例题5.5.cpp">
      <Filter>源文件</Filter>
    </ClCompile>
    <ClCompile Include="中缀表达式求值.cpp">
      <Filter>源文件</Filter>
    </ClCompile>
    <ClCompile Include="例题5.6.cpp">
      <Filter>源文件</Filter>
    </ClCompile>
    <ClCompile Include="习题5.1.cpp">
      <Filter>源文件</Filter>
    </ClCompile>
    <ClCompile Include="习题5.2.cpp">
      <Filter>源文件</Filter>
    </ClCompile>
    <ClCompile Include="例题5.6_N02.cpp">
      <Filter>源文件</Filter>
    </ClCompile>
    <ClCompile Include="习题5.2_N02.cpp">
      <Filter>源文件</Filter>
    </ClCompile>
    <ClCompile Include="例题6.1.cpp">
      <Filter>源文件</Filter>
    </ClCompile>
    <ClCompile Include="例题6.2.cpp">
      <Filter>源文件</Filter>
    </ClCompile>
    <ClCompile Include="例题6.3.cpp">
      <Filter>源文件</Filter>
    </ClCompile>
    <ClCompile Include="例题6.3N0.2.cpp">
      <Filter>源文件</Filter>
    </ClCompile>
    <ClCompile Include="例题6.4.cpp">
      <Filter>源文件</Filter>
    </ClCompile>
    <ClCompile Include="习题6.1.cpp">
      <Filter>源文件</Filter>
    </ClCompile>
    <ClCompile Include="习题6.2.cpp">
      <Filter>源文件</Filter>
    </ClCompile>
    <ClCompile Include="习题6.3.cpp">
      <Filter>源文件</Filter>
    </ClCompile>
    <ClCompile Include="习题6.4.cpp">
      <Filter>源文件</Filter>
    </ClCompile>
    <ClCompile Include="例题6.5.cpp">
      <Filter>源文件</Filter>
    </ClCompile>
    <ClCompile Include="例题6.6.cpp">
      <Filter>源文件</Filter>
    </ClCompile>
    <ClCompile Include="习题6.5.cpp">
      <Filter>源文件</Filter>
    </ClCompile>
    <ClCompile Include="例题6.7.cpp">
      <Filter>源文件</Filter>
    </ClCompile>
    <ClCompile Include="例题6.8.cpp">
      <Filter>源文件</Filter>
    </ClCompile>
    <ClCompile Include="习题6.6.cpp">
      <Filter>源文件</Filter>
    </ClCompile>
    <ClCompile Include="例题6.9.cpp">
      <Filter>源文件</Filter>
    </ClCompile>
    <ClCompile Include="习题6.7.cpp">
      <Filter>源文件</Filter>
    </ClCompile>
    <ClCompile Include="习题6.8.cpp">
      <Filter>源文件</Filter>
    </ClCompile>
    <ClCompile Include="例题6.10.cpp">
      <Filter>源文件</Filter>
    </ClCompile>
    <ClCompile Include="习题6.9.cpp">
      <Filter>源文件</Filter>
    </ClCompile>
    <ClCompile Include="例题6.11.cpp">
      <Filter>源文件</Filter>
    </ClCompile>
    <ClCompile Include="例题6.12.cpp">
      <Filter>源文件</Filter>
    </ClCompile>
    <ClCompile Include="习题6.10.cpp">
      <Filter>源文件</Filter>
    </ClCompile>
    <ClCompile Include="习题6.11.cpp">
      <Filter>源文件</Filter>
    </ClCompile>
    <ClCompile Include="例题6.13.cpp">
      <Filter>源文件</Filter>
    </ClCompile>
    <ClCompile Include="例题6.14.cpp">
      <Filter>源文件</Filter>
    </ClCompile>
    <ClCompile Include="习题6.12.cpp">
      <Filter>源文件</Filter>
    </ClCompile>
    <ClCompile Include="习题6.13.cpp">
      <Filter>源文件</Filter>
    </ClCompile>
    <ClCompile Include="例题7.1.cpp">
      <Filter>源文件</Filter>
    </ClCompile>
    <ClCompile Include="例题7.2.cpp">
      <Filter>源文件</Filter>
    </ClCompile>
    <ClCompile Include="例题7.3.cpp">
      <Filter>源文件</Filter>
    </ClCompile>
    <ClCompile Include="习题7.1.cpp">
      <Filter>源文件</Filter>
    </ClCompile>
    <ClCompile Include="例题7.4.cpp">
      <Filter>源文件</Filter>
    </ClCompile>
    <ClCompile Include="例题7.5.cpp">
      <Filter>源文件</Filter>
    </ClCompile>
    <ClCompile Include="习题7.2.cpp">
      <Filter>源文件</Filter>
    </ClCompile>
  </ItemGroup>
</Project>